// !$*UTF8*$!
{
	archiveVersion = 1;
	classes = {
	};
	objectVersion = 55;
	objects = {

/* Begin PBXFileReference section */
		E605DAC029A7DF4100AFBF7B /* functionpratice.playground */ = {isa = PBXFileReference; lastKnownFileType = file.playground; path = functionpratice.playground; sourceTree = "<group>"; xcLanguageSpecificationIdentifier = xcode.lang.swift; };
/* End PBXFileReference section */

/* Begin PBXGroup section */
		E605DAB929A7DF0200AFBF7B = {
			isa = PBXGroup;
			children = (
				E605DAC029A7DF4100AFBF7B /* functionpratice.playground */,
			);
			sourceTree = "<group>";
		};
/* End PBXGroup section */

/* Begin PBXProject section */
		E605DABA29A7DF0200AFBF7B /* Project object */ = {
			isa = PBXProject;
			attributes = {
				BuildIndependentTargetsInParallel = 1;
				LastUpgradeCheck = 1340;
			};
			buildConfigurationList = E605DABD29A7DF0200AFBF7B /* Build configuration list for PBXProject "Functions" */;
			compatibilityVersion = "Xcode 13.0";
			developmentRegion = en;
			hasScannedForEncodings = 0;
			knownRegions = (
				en,
				Base,
			);
			mainGroup = E605DAB929A7DF0200AFBF7B;
			projectDirPath = "";
			projectRoot = "";
			targets = (
			);
		};
/* End PBXProject section */

/* Begin XCBuildConfiguration section */
		E605DABE29A7DF0200AFBF7B /* Debug */ = {
			isa = XCBuildConfiguration;
			buildSettings = {
			};
			name = Debug;
		};
		E605DABF29A7DF0200AFBF7B /* Release */ = {
			isa = XCBuildConfiguration;
			buildSettings = {
			};
			name = Release;
		};
/* End XCBuildConfiguration section */

/* Begin XCConfigurationList section */
		E605DABD29A7DF0200AFBF7B /* Build configuration list for PBXProject "Functions" */ = {
			isa = XCConfigurationList;
			buildConfigurations = (
				E605DABE29A7DF0200AFBF7B /* Debug */,
				E605DABF29A7DF0200AFBF7B /* Release */,
			);
			defaultConfigurationIsVisible = 0;
			defaultConfigurationName = Release;
		};
/* End XCConfigurationList section */
	};
	rootObject = E605DABA29A7DF0200AFBF7B /* Project object */;
}
